{
  "name": "store",
  "lockfileVersion": 2,
  "requires": true,
  "packages": {
    "": {
      "dependencies": {
        "jsplumb": "^2.15.6",
        "vue-draggable-resizable-gorkys": "^2.4.4"
      }
    },
    "node_modules/_core-js@2.6.12@core-js": {
      "name": "core-js",
      "version": "2.6.12",
      "hasInstallScript": true,
      "license": "MIT"
    },
    "node_modules/_vue-draggable-resizable-gorkys@2.4.4@vue-draggable-resizable-gorkys": {
      "name": "vue-draggable-resizable-gorkys",
      "version": "2.4.4",
      "license": "MIT",
      "dependencies": {
        "core-js": "^2.6.11"
      },
      "engines": {
        "node": ">= 4.0.0",
        "npm": ">= 3.0.0"
      }
    },
    "node_modules/_vue-draggable-resizable-gorkys@2.4.4@vue-draggable-resizable-gorkys/node_modules/core-js": {
      "resolved": "node_modules/_core-js@2.6.12@core-js",
      "link": true
    },
    "node_modules/jsplumb": {
      "version": "2.15.6",
      "resolved": "https://registry.npmjs.org/jsplumb/-/jsplumb-2.15.6.tgz",
      "integrity": "sha512-sIpbpz5eMVM+vV+MQzFCidlaa1RsknrQs6LOTKYDjYUDdTAi2AN2bFi94TxB33TifcIsRNV1jebcaxg0tCoPzg=="
    },
    "node_modules/vue-draggable-resizable-gorkys": {
      "resolved": "node_modules/_vue-draggable-resizable-gorkys@2.4.4@vue-draggable-resizable-gorkys",
      "link": true
    }
  },
  "dependencies": {
    "_core-js@2.6.12@core-js": {
      "version": "npm:core-js@2.6.12"
    },
    "_vue-draggable-resizable-gorkys@2.4.4@vue-draggable-resizable-gorkys": {
      "version": "npm:vue-draggable-resizable-gorkys@2.4.4",
      "requires": {
        "core-js": "^2.6.11"
      },
      "dependencies": {
        "core-js": {
          "version": "file:node_modules/_core-js@2.6.12@core-js"
        }
      }
    },
    "jsplumb": {
      "version": "2.15.6",
      "resolved": "https://registry.npmjs.org/jsplumb/-/jsplumb-2.15.6.tgz",
      "integrity": "sha512-sIpbpz5eMVM+vV+MQzFCidlaa1RsknrQs6LOTKYDjYUDdTAi2AN2bFi94TxB33TifcIsRNV1jebcaxg0tCoPzg=="
    },
    "vue-draggable-resizable-gorkys": {
      "version": "file:node_modules/_vue-draggable-resizable-gorkys@2.4.4@vue-draggable-resizable-gorkys",
      "requires": {
        "core-js": "^2.6.11"
      },
      "dependencies": {
        "core-js": {
          "version": "file:node_modules/_core-js@2.6.12@core-js"
        }
      }
    }
  }
}
